
Microsoft Visual Studio Solution File, Format Version 12.00
# Visual Studio Version 17
VisualStudioVersion = 17.8.34330.188
MinimumVisualStudioVersion = 10.0.40219.1
Project("{FAE04EC0-301F-11D3-BF4B-00C04F79EFBC}") = "ECommerceWebApi", "ECommerceWebApi\ECommerceWebApi.csproj", "{F1076087-6DDE-4688-98B6-7E240137EF55}"
EndProject
Global
	GlobalSection(SolutionConfigurationPlatforms) = preSolution
		Debug|Any CPU = Debug|Any CPU
		Release|Any CPU = Release|Any CPU
	EndGlobalSection
	GlobalSection(ProjectConfigurationPlatforms) = postSolution
		{F1076087-6DDE-4688-98B6-7E240137EF55}.Debug|Any CPU.ActiveCfg = Debug|Any CPU
		{F1076087-6DDE-4688-98B6-7E240137EF55}.Debug|Any CPU.Build.0 = Debug|Any CPU
		{F1076087-6DDE-4688-98B6-7E240137EF55}.Release|Any CPU.ActiveCfg = Release|Any CPU
		{F1076087-6DDE-4688-98B6-7E240137EF55}.Release|Any CPU.Build.0 = Release|Any CPU
	EndGlobalSection
	GlobalSection(SolutionProperties) = preSolution
		HideSolutionNode = FALSE
	EndGlobalSection
	GlobalSection(ExtensibilityGlobals) = postSolution
		SolutionGuid = {B52B1AFB-0602-497D-AFBB-6C600FD25D21}
	EndGlobalSection
EndGlobal
